
Microsoft Visual Studio Solution File, Format Version 12.00
# Visual Studio 15
VisualStudioVersion = 15.0.27130.2027
MinimumVisualStudioVersion = 10.0.40219.1
Project("{FAE04EC0-301F-11D3-BF4B-00C04F79EFBC}") = "Connect", "Connect\Connect.csproj", "{C3294A3D-26AF-4F10-B32A-297F0ED4A62B}"
EndProject
Global
	GlobalSection(SolutionConfigurationPlatforms) = preSolution
		Debug|Any CPU = Debug|Any CPU
		Release|Any CPU = Release|Any CPU
	EndGlobalSection
	GlobalSection(ProjectConfigurationPlatforms) = postSolution
		{C3294A3D-26AF-4F10-B32A-297F0ED4A62B}.Debug|Any CPU.ActiveCfg = Debug|Any CPU
		{C3294A3D-26AF-4F10-B32A-297F0ED4A62B}.Debug|Any CPU.Build.0 = Debug|Any CPU
		{C3294A3D-26AF-4F10-B32A-297F0ED4A62B}.Release|Any CPU.ActiveCfg = Release|Any CPU
		{C3294A3D-26AF-4F10-B32A-297F0ED4A62B}.Release|Any CPU.Build.0 = Release|Any CPU
	EndGlobalSection
	GlobalSection(SolutionProperties) = preSolution
		HideSolutionNode = FALSE
	EndGlobalSection
	GlobalSection(ExtensibilityGlobals) = postSolution
		SolutionGuid = {65416446-231E-432F-9C48-3C2E29EFF53F}
	EndGlobalSection
EndGlobal
